// !$*UTF8*$!
{
	archiveVersion = 1;
	classes = {
	};
	objectVersion = 46;
	objects = {

/* Begin PBXBuildFile section */
		A3FB090E1504D92500EE9194 /* UIKit.framework in Frameworks */ = {isa = PBXBuildFile; fileRef = A3FB090D1504D92500EE9194 /* UIKit.framework */; };
		A3FB09101504D92500EE9194 /* Foundation.framework in Frameworks */ = {isa = PBXBuildFile; fileRef = A3FB090F1504D92500EE9194 /* Foundation.framework */; };
		A3FB09121504D92500EE9194 /* CoreGraphics.framework in Frameworks */ = {isa = PBXBuildFile; fileRef = A3FB09111504D92500EE9194 /* CoreGraphics.framework */; };
		A3FB09181504D92500EE9194 /* InfoPlist.strings in Resources */ = {isa = PBXBuildFile; fileRef = A3FB09161504D92500EE9194 /* InfoPlist.strings */; };
		A3FB091A1504D92600EE9194 /* main.m in Sources */ = {isa = PBXBuildFile; fileRef = A3FB09191504D92600EE9194 /* main.m */; };
		A3FB091E1504D92600EE9194 /* AppDelegate.m in Sources */ = {isa = PBXBuildFile; fileRef = A3FB091D1504D92600EE9194 /* AppDelegate.m */; };
		A3FB09211504D92600EE9194 /* ViewController.m in Sources */ = {isa = PBXBuildFile; fileRef = A3FB09201504D92600EE9194 /* ViewController.m */; };
		A3FB09241504D92600EE9194 /* ViewController.xib in Resources */ = {isa = PBXBuildFile; fileRef = A3FB09221504D92600EE9194 /* ViewController.xib */; };
		A3FB092C1504DA6100EE9194 /* PagedFlowView.m in Sources */ = {isa = PBXBuildFile; fileRef = A3FB092A1504DA6100EE9194 /* PagedFlowView.m */; };
		A3FB093A150503D000EE9194 /* 0.tiff in Resources */ = {isa = PBXBuildFile; fileRef = A3FB0932150503D000EE9194 /* 0.tiff */; };
		A3FB093B150503D000EE9194 /* 1.tiff in Resources */ = {isa = PBXBuildFile; fileRef = A3FB0933150503D000EE9194 /* 1.tiff */; };
		A3FB093C150503D000EE9194 /* 2.tiff in Resources */ = {isa = PBXBuildFile; fileRef = A3FB0934150503D000EE9194 /* 2.tiff */; };
		A3FB093D150503D000EE9194 /* 3.tiff in Resources */ = {isa = PBXBuildFile; fileRef = A3FB0935150503D000EE9194 /* 3.tiff */; };
		A3FB093E150503D000EE9194 /* 4.tiff in Resources */ = {isa = PBXBuildFile; fileRef = A3FB0936150503D000EE9194 /* 4.tiff */; };
		A3FB093F150503D000EE9194 /* 5.tiff in Resources */ = {isa = PBXBuildFile; fileRef = A3FB0937150503D000EE9194 /* 5.tiff */; };
		A3FB0940150503D000EE9194 /* 6.tiff in Resources */ = {isa = PBXBuildFile; fileRef = A3FB0938150503D000EE9194 /* 6.tiff */; };
		A3FB0941150503D000EE9194 /* 7.tiff in Resources */ = {isa = PBXBuildFile; fileRef = A3FB0939150503D000EE9194 /* 7.tiff */; };
		A3FB094C1505084400EE9194 /* QuartzCore.framework in Frameworks */ = {isa = PBXBuildFile; fileRef = A3FB094B1505084400EE9194 /* QuartzCore.framework */; };
/* End PBXBuildFile section */

/* Begin PBXFileReference section */
		A3FB09091504D92500EE9194 /* PagedFlowView.app */ = {isa = PBXFileReference; explicitFileType = wrapper.application; includeInIndex = 0; path = PagedFlowView.app; sourceTree = BUILT_PRODUCTS_DIR; };
		A3FB090D1504D92500EE9194 /* UIKit.framework */ = {isa = PBXFileReference; lastKnownFileType = wrapper.framework; name = UIKit.framework; path = System/Library/Frameworks/UIKit.framework; sourceTree = SDKROOT; };
		A3FB090F1504D92500EE9194 /* Foundation.framework */ = {isa = PBXFileReference; lastKnownFileType = wrapper.framework; name = Foundation.framework; path = System/Library/Frameworks/Foundation.framework; sourceTree = SDKROOT; };
		A3FB09111504D92500EE9194 /* CoreGraphics.framework */ = {isa = PBXFileReference; lastKnownFileType = wrapper.framework; name = CoreGraphics.framework; path = System/Library/Frameworks/CoreGraphics.framework; sourceTree = SDKROOT; };
		A3FB09151504D92500EE9194 /* PagedFlowView-Info.plist */ = {isa = PBXFileReference; lastKnownFileType = text.plist.xml; path = "PagedFlowView-Info.plist"; sourceTree = "<group>"; };
		A3FB09171504D92500EE9194 /* en */ = {isa = PBXFileReference; lastKnownFileType = text.plist.strings; name = en; path = en.lproj/InfoPlist.strings; sourceTree = "<group>"; };
		A3FB09191504D92600EE9194 /* main.m */ = {isa = PBXFileReference; lastKnownFileType = sourcecode.c.objc; path = main.m; sourceTree = "<group>"; };
		A3FB091B1504D92600EE9194 /* PagedFlowView-Prefix.pch */ = {isa = PBXFileReference; lastKnownFileType = sourcecode.c.h; path = "PagedFlowView-Prefix.pch"; sourceTree = "<group>"; };
		A3FB091C1504D92600EE9194 /* AppDelegate.h */ = {isa = PBXFileReference; lastKnownFileType = sourcecode.c.h; path = AppDelegate.h; sourceTree = "<group>"; };
		A3FB091D1504D92600EE9194 /* AppDelegate.m */ = {isa = PBXFileReference; lastKnownFileType = sourcecode.c.objc; path = AppDelegate.m; sourceTree = "<group>"; };
		A3FB091F1504D92600EE9194 /* ViewController.h */ = {isa = PBXFileReference; lastKnownFileType = sourcecode.c.h; path = ViewController.h; sourceTree = "<group>"; };
		A3FB09201504D92600EE9194 /* ViewController.m */ = {isa = PBXFileReference; lastKnownFileType = sourcecode.c.objc; path = ViewController.m; sourceTree = "<group>"; };
		A3FB09231504D92600EE9194 /* en */ = {isa = PBXFileReference; lastKnownFileType = file.xib; name = en; path = en.lproj/ViewController.xib; sourceTree = "<group>"; };
		A3FB092A1504DA6100EE9194 /* PagedFlowView.m */ = {isa = PBXFileReference; fileEncoding = 4; lastKnownFileType = sourcecode.c.objc; path = PagedFlowView.m; sourceTree = "<group>"; };
		A3FB092B1504DA6100EE9194 /* PagedFlowView.h */ = {isa = PBXFileReference; fileEncoding = 4; lastKnownFileType = sourcecode.c.h; path = PagedFlowView.h; sourceTree = "<group>"; };
		A3FB0932150503D000EE9194 /* 0.tiff */ = {isa = PBXFileReference; lastKnownFileType = image.tiff; path = 0.tiff; sourceTree = "<group>"; };
		A3FB0933150503D000EE9194 /* 1.tiff */ = {isa = PBXFileReference; lastKnownFileType = image.tiff; path = 1.tiff; sourceTree = "<group>"; };
		A3FB0934150503D000EE9194 /* 2.tiff */ = {isa = PBXFileReference; lastKnownFileType = image.tiff; path = 2.tiff; sourceTree = "<group>"; };
		A3FB0935150503D000EE9194 /* 3.tiff */ = {isa = PBXFileReference; lastKnownFileType = image.tiff; path = 3.tiff; sourceTree = "<group>"; };
		A3FB0936150503D000EE9194 /* 4.tiff */ = {isa = PBXFileReference; lastKnownFileType = image.tiff; path = 4.tiff; sourceTree = "<group>"; };
		A3FB0937150503D000EE9194 /* 5.tiff */ = {isa = PBXFileReference; lastKnownFileType = image.tiff; path = 5.tiff; sourceTree = "<group>"; };
		A3FB0938150503D000EE9194 /* 6.tiff */ = {isa = PBXFileReference; lastKnownFileType = image.tiff; path = 6.tiff; sourceTree = "<group>"; };
		A3FB0939150503D000EE9194 /* 7.tiff */ = {isa = PBXFileReference; lastKnownFileType = image.tiff; path = 7.tiff; sourceTree = "<group>"; };
		A3FB094B1505084400EE9194 /* QuartzCore.framework */ = {isa = PBXFileReference; lastKnownFileType = wrapper.framework; name = QuartzCore.framework; path = System/Library/Frameworks/QuartzCore.framework; sourceTree = SDKROOT; };
/* End PBXFileReference section */

/* Begin PBXFrameworksBuildPhase section */
		A3FB09061504D92500EE9194 /* Frameworks */ = {
			isa = PBXFrameworksBuildPhase;
			buildActionMask = 2147483647;
			files = (
				A3FB094C1505084400EE9194 /* QuartzCore.framework in Frameworks */,
				A3FB090E1504D92500EE9194 /* UIKit.framework in Frameworks */,
				A3FB09101504D92500EE9194 /* Foundation.framework in Frameworks */,
				A3FB09121504D92500EE9194 /* CoreGraphics.framework in Frameworks */,
			);
			runOnlyForDeploymentPostprocessing = 0;
		};
/* End PBXFrameworksBuildPhase section */

/* Begin PBXGroup section */
		A3FB08FE1504D92500EE9194 = {
			isa = PBXGroup;
			children = (
				A3FB09131504D92500EE9194 /* PagedFlowView */,
				A3FB090C1504D92500EE9194 /* Frameworks */,
				A3FB090A1504D92500EE9194 /* Products */,
			);
			sourceTree = "<group>";
		};
		A3FB090A1504D92500EE9194 /* Products */ = {
			isa = PBXGroup;
			children = (
				A3FB09091504D92500EE9194 /* PagedFlowView.app */,
			);
			name = Products;
			sourceTree = "<group>";
		};
		A3FB090C1504D92500EE9194 /* Frameworks */ = {
			isa = PBXGroup;
			children = (
				A3FB094B1505084400EE9194 /* QuartzCore.framework */,
				A3FB090D1504D92500EE9194 /* UIKit.framework */,
				A3FB090F1504D92500EE9194 /* Foundation.framework */,
				A3FB09111504D92500EE9194 /* CoreGraphics.framework */,
			);
			name = Frameworks;
			sourceTree = "<group>";
		};
		A3FB09131504D92500EE9194 /* PagedFlowView */ = {
			isa = PBXGroup;
			children = (
				A3FB0931150503D000EE9194 /* images */,
				A3FB092B1504DA6100EE9194 /* PagedFlowView.h */,
				A3FB092A1504DA6100EE9194 /* PagedFlowView.m */,
				A3FB091C1504D92600EE9194 /* AppDelegate.h */,
				A3FB091D1504D92600EE9194 /* AppDelegate.m */,
				A3FB091F1504D92600EE9194 /* ViewController.h */,
				A3FB09201504D92600EE9194 /* ViewController.m */,
				A3FB09221504D92600EE9194 /* ViewController.xib */,
				A3FB09141504D92500EE9194 /* Supporting Files */,
			);
			path = PagedFlowView;
			sourceTree = "<group>";
		};
		A3FB09141504D92500EE9194 /* Supporting Files */ = {
			isa = PBXGroup;
			children = (
				A3FB09151504D92500EE9194 /* PagedFlowView-Info.plist */,
				A3FB09161504D92500EE9194 /* InfoPlist.strings */,
				A3FB09191504D92600EE9194 /* main.m */,
				A3FB091B1504D92600EE9194 /* PagedFlowView-Prefix.pch */,
			);
			name = "Supporting Files";
			sourceTree = "<group>";
		};
		A3FB0931150503D000EE9194 /* images */ = {
			isa = PBXGroup;
			children = (
				A3FB0932150503D000EE9194 /* 0.tiff */,
				A3FB0933150503D000EE9194 /* 1.tiff */,
				A3FB0934150503D000EE9194 /* 2.tiff */,
				A3FB0935150503D000EE9194 /* 3.tiff */,
				A3FB0936150503D000EE9194 /* 4.tiff */,
				A3FB0937150503D000EE9194 /* 5.tiff */,
				A3FB0938150503D000EE9194 /* 6.tiff */,
				A3FB0939150503D000EE9194 /* 7.tiff */,
			);
			path = images;
			sourceTree = "<group>";
		};
/* End PBXGroup section */

/* Begin PBXNativeTarget section */
		A3FB09081504D92500EE9194 /* PagedFlowView */ = {
			isa = PBXNativeTarget;
			buildConfigurationList = A3FB09271504D92600EE9194 /* Build configuration list for PBXNativeTarget "PagedFlowView" */;
			buildPhases = (
				A3FB09051504D92500EE9194 /* Sources */,
				A3FB09061504D92500EE9194 /* Frameworks */,
				A3FB09071504D92500EE9194 /* Resources */,
			);
			buildRules = (
			);
			dependencies = (
			);
			name = PagedFlowView;
			productName = PagedFlowView;
			productReference = A3FB09091504D92500EE9194 /* PagedFlowView.app */;
			productType = "com.apple.product-type.application";
		};
/* End PBXNativeTarget section */

/* Begin PBXProject section */
		A3FB09001504D92500EE9194 /* Project object */ = {
			isa = PBXProject;
			attributes = {
				LastUpgradeCheck = 0460;
				ORGANIZATIONNAME = Taobao.com;
			};
			buildConfigurationList = A3FB09031504D92500EE9194 /* Build configuration list for PBXProject "PagedFlowView" */;
			compatibilityVersion = "Xcode 3.2";
			developmentRegion = English;
			hasScannedForEncodings = 0;
			knownRegions = (
				en,
			);
			mainGroup = A3FB08FE1504D92500EE9194;
			productRefGroup = A3FB090A1504D92500EE9194 /* Products */;
			projectDirPath = "";
			projectRoot = "";
			targets = (
				A3FB09081504D92500EE9194 /* PagedFlowView */,
			);
		};
/* End PBXProject section */

/* Begin PBXResourcesBuildPhase section */
		A3FB09071504D92500EE9194 /* Resources */ = {
			isa = PBXResourcesBuildPhase;
			buildActionMask = 2147483647;
			files = (
				A3FB09181504D92500EE9194 /* InfoPlist.strings in Resources */,
				A3FB09241504D92600EE9194 /* ViewController.xib in Resources */,
				A3FB093A150503D000EE9194 /* 0.tiff in Resources */,
				A3FB093B150503D000EE9194 /* 1.tiff in Resources */,
				A3FB093C150503D000EE9194 /* 2.tiff in Resources */,
				A3FB093D150503D000EE9194 /* 3.tiff in Resources */,
				A3FB093E150503D000EE9194 /* 4.tiff in Resources */,
				A3FB093F150503D000EE9194 /* 5.tiff in Resources */,
				A3FB0940150503D000EE9194 /* 6.tiff in Resources */,
				A3FB0941150503D000EE9194 /* 7.tiff in Resources */,
			);
			runOnlyForDeploymentPostprocessing = 0;
		};
/* End PBXResourcesBuildPhase section */

/* Begin PBXSourcesBuildPhase section */
		A3FB09051504D92500EE9194 /* Sources */ = {
			isa = PBXSourcesBuildPhase;
			buildActionMask = 2147483647;
			files = (
				A3FB091A1504D92600EE9194 /* main.m in Sources */,
				A3FB091E1504D92600EE9194 /* AppDelegate.m in Sources */,
				A3FB09211504D92600EE9194 /* ViewController.m in Sources */,
				A3FB092C1504DA6100EE9194 /* PagedFlowView.m in Sources */,
			);
			runOnlyForDeploymentPostprocessing = 0;
		};
/* End PBXSourcesBuildPhase section */

/* Begin PBXVariantGroup section */
		A3FB09161504D92500EE9194 /* InfoPlist.strings */ = {
			isa = PBXVariantGroup;
			children = (
				A3FB09171504D92500EE9194 /* en */,
			);
			name = InfoPlist.strings;
			sourceTree = "<group>";
		};
		A3FB09221504D92600EE9194 /* ViewController.xib */ = {
			isa = PBXVariantGroup;
			children = (
				A3FB09231504D92600EE9194 /* en */,
			);
			name = ViewController.xib;
			sourceTree = "<group>";
		};
/* End PBXVariantGroup section */

/* Begin XCBuildConfiguration section */
		A3FB09251504D92600EE9194 /* Debug */ = {
			isa = XCBuildConfiguration;
			buildSettings = {
				ALWAYS_SEARCH_USER_PATHS = NO;
				ARCHS = "$(ARCHS_STANDARD_32_BIT)";
				CLANG_WARN_CONSTANT_CONVERSION = YES;
				CLANG_WARN_ENUM_CONVERSION = YES;
				CLANG_WARN_INT_CONVERSION = YES;
				CLANG_WARN__DUPLICATE_METHOD_MATCH = YES;
				"CODE_SIGN_IDENTITY[sdk=iphoneos*]" = "iPhone Developer";
				COPY_PHASE_STRIP = NO;
				GCC_C_LANGUAGE_STANDARD = gnu99;
				GCC_DYNAMIC_NO_PIC = NO;
				GCC_OPTIMIZATION_LEVEL = 0;
				GCC_PREPROCESSOR_DEFINITIONS = (
					"DEBUG=1",
					"$(inherited)",
				);
				GCC_SYMBOLS_PRIVATE_EXTERN = NO;
				GCC_VERSION = com.apple.compilers.llvm.clang.1_0;
				GCC_WARN_ABOUT_MISSING_PROTOTYPES = YES;
				GCC_WARN_ABOUT_RETURN_TYPE = YES;
				GCC_WARN_UNINITIALIZED_AUTOS = YES;
				GCC_WARN_UNUSED_VARIABLE = YES;
				IPHONEOS_DEPLOYMENT_TARGET = 5.0;
				SDKROOT = iphoneos;
			};
			name = Debug;
		};
		A3FB09261504D92600EE9194 /* Release */ = {
			isa = XCBuildConfiguration;
			buildSettings = {
				ALWAYS_SEARCH_USER_PATHS = NO;
				ARCHS = "$(ARCHS_STANDARD_32_BIT)";
				CLANG_WARN_CONSTANT_CONVERSION = YES;
				CLANG_WARN_ENUM_CONVERSION = YES;
				CLANG_WARN_INT_CONVERSION = YES;
				CLANG_WARN__DUPLICATE_METHOD_MATCH = YES;
				"CODE_SIGN_IDENTITY[sdk=iphoneos*]" = "iPhone Developer";
				COPY_PHASE_STRIP = YES;
				GCC_C_LANGUAGE_STANDARD = gnu99;
				GCC_VERSION = com.apple.compilers.llvm.clang.1_0;
				GCC_WARN_ABOUT_MISSING_PROTOTYPES = YES;
				GCC_WARN_ABOUT_RETURN_TYPE = YES;
				GCC_WARN_UNINITIALIZED_AUTOS = YES;
				GCC_WARN_UNUSED_VARIABLE = YES;
				IPHONEOS_DEPLOYMENT_TARGET = 5.0;
				OTHER_CFLAGS = "-DNS_BLOCK_ASSERTIONS=1";
				SDKROOT = iphoneos;
				VALIDATE_PRODUCT = YES;
			};
			name = Release;
		};
		A3FB09281504D92600EE9194 /* Debug */ = {
			isa = XCBuildConfiguration;
			buildSettings = {
				CLANG_ENABLE_OBJC_ARC = YES;
				GCC_PRECOMPILE_PREFIX_HEADER = YES;
				GCC_PREFIX_HEADER = "PagedFlowView/PagedFlowView-Prefix.pch";
				INFOPLIST_FILE = "PagedFlowView/PagedFlowView-Info.plist";
				PRODUCT_NAME = "$(TARGET_NAME)";
				WRAPPER_EXTENSION = app;
			};
			name = Debug;
		};
		A3FB09291504D92600EE9194 /* Release */ = {
			isa = XCBuildConfiguration;
			buildSettings = {
				CLANG_ENABLE_OBJC_ARC = YES;
				GCC_PRECOMPILE_PREFIX_HEADER = YES;
				GCC_PREFIX_HEADER = "PagedFlowView/PagedFlowView-Prefix.pch";
				INFOPLIST_FILE = "PagedFlowView/PagedFlowView-Info.plist";
				PRODUCT_NAME = "$(TARGET_NAME)";
				WRAPPER_EXTENSION = app;
			};
			name = Release;
		};
/* End XCBuildConfiguration section */

/* Begin XCConfigurationList section */
		A3FB09031504D92500EE9194 /* Build configuration list for PBXProject "PagedFlowView" */ = {
			isa = XCConfigurationList;
			buildConfigurations = (
				A3FB09251504D92600EE9194 /* Debug */,
				A3FB09261504D92600EE9194 /* Release */,
			);
			defaultConfigurationIsVisible = 0;
			defaultConfigurationName = Release;
		};
		A3FB09271504D92600EE9194 /* Build configuration list for PBXNativeTarget "PagedFlowView" */ = {
			isa = XCConfigurationList;
			buildConfigurations = (
				A3FB09281504D92600EE9194 /* Debug */,
				A3FB09291504D92600EE9194 /* Release */,
			);
			defaultConfigurationIsVisible = 0;
			defaultConfigurationName = Release;
		};
/* End XCConfigurationList section */
	};
	rootObject = A3FB09001504D92500EE9194 /* Project object */;
}
